{
    "_meta": {
        "hash": {
            "sha256": "e16a947e4c72f2c8d188b09c56983709adcd1f6816483dec331977fc809a92f4"
        },
        "pipfile-spec": 6,
        "requires": {
            "python_version": "3.7"
        },
        "sources": [
            {
                "name": "pypi",
                "url": "https://pypi.org/simple",
                "verify_ssl": true
            }
        ]
    },
    "default": {
        "mtga": {
            "hashes": [
                "sha256:a0dc10927c246ba61612db0fa39099cbbccdfc65529005be291979a1ddc81f1f",
                "sha256:d004b2df93f6df1718388cb623f3c8451c7b0a3f5212c5733129a8ef03b89b27"
            ],
            "index": "pypi",
            "version": "==0.6.0"
        }
    },
    "develop": {
        "pep8": {
            "hashes": [
                "sha256:b22cfae5db09833bb9bd7c8463b53e1a9c9b39f12e304a8d0bba729c501827ee",
                "sha256:fe249b52e20498e59e0b5c5256aa52ee99fc295b26ec9eaa85776ffdb9fe6374"
            ],
            "index": "pypi",
            "version": "==1.7.1"
        }
    }
}
